
Microsoft Visual Studio Solution File, Format Version 12.00
# Visual Studio Version 17
VisualStudioVersion = 17.5.002.0
MinimumVisualStudioVersion = 10.0.40219.1
Project("{9A19103F-16F7-4668-BE54-9A1E7A4F7556}") = "MiniCenterControl", "MiniCenterControl.csproj", "{B7D09634-B5F2-4A9C-A006-8FC0369B4068}"
EndProject
Global
	GlobalSection(SolutionConfigurationPlatforms) = preSolution
		Debug|Any CPU = Debug|Any CPU
		Release|Any CPU = Release|Any CPU
	EndGlobalSection
	GlobalSection(ProjectConfigurationPlatforms) = postSolution
		{B7D09634-B5F2-4A9C-A006-8FC0369B4068}.Debug|Any CPU.ActiveCfg = Debug|Any CPU
		{B7D09634-B5F2-4A9C-A006-8FC0369B4068}.Debug|Any CPU.Build.0 = Debug|Any CPU
		{B7D09634-B5F2-4A9C-A006-8FC0369B4068}.Release|Any CPU.ActiveCfg = Release|Any CPU
		{B7D09634-B5F2-4A9C-A006-8FC0369B4068}.Release|Any CPU.Build.0 = Release|Any CPU
	EndGlobalSection
	GlobalSection(SolutionProperties) = preSolution
		HideSolutionNode = FALSE
	EndGlobalSection
	GlobalSection(ExtensibilityGlobals) = postSolution
		SolutionGuid = {0BFFFF05-D4F5-442F-8457-FE3CC2786966}
	EndGlobalSection
EndGlobal
